
Microsoft Visual Studio Solution File, Format Version 12.00
# Visual Studio Version 17
VisualStudioVersion = 17.2.32516.85
MinimumVisualStudioVersion = 10.0.40219.1
Project("{2150E333-8FDC-42A3-9474-1A3956D46DE8}") = "Source", "Source", "{DE5E6197-BE0F-4E23-BE90-3AA1AECA286F}"
EndProject
Project("{2150E333-8FDC-42A3-9474-1A3956D46DE8}") = "Core", "Core", "{B8AFADF2-A882-40E6-A9FF-6988FEDA37A7}"
EndProject
Project("{FAE04EC0-301F-11D3-BF4B-00C04F79EFBC}") = "UrlShortener.Core.Domain", "Source\Core\UrlShortener.Core.Domain\UrlShortener.Core.Domain.csproj", "{1FAF44D5-080F-42F0-9EC3-3DB1FE284508}"
EndProject
Global
	GlobalSection(SolutionConfigurationPlatforms) = preSolution
		Debug|Any CPU = Debug|Any CPU
		Release|Any CPU = Release|Any CPU
	EndGlobalSection
	GlobalSection(ProjectConfigurationPlatforms) = postSolution
		{1FAF44D5-080F-42F0-9EC3-3DB1FE284508}.Debug|Any CPU.ActiveCfg = Debug|Any CPU
		{1FAF44D5-080F-42F0-9EC3-3DB1FE284508}.Debug|Any CPU.Build.0 = Debug|Any CPU
		{1FAF44D5-080F-42F0-9EC3-3DB1FE284508}.Release|Any CPU.ActiveCfg = Release|Any CPU
		{1FAF44D5-080F-42F0-9EC3-3DB1FE284508}.Release|Any CPU.Build.0 = Release|Any CPU
	EndGlobalSection
	GlobalSection(SolutionProperties) = preSolution
		HideSolutionNode = FALSE
	EndGlobalSection
	GlobalSection(NestedProjects) = preSolution
		{B8AFADF2-A882-40E6-A9FF-6988FEDA37A7} = {DE5E6197-BE0F-4E23-BE90-3AA1AECA286F}
		{1FAF44D5-080F-42F0-9EC3-3DB1FE284508} = {B8AFADF2-A882-40E6-A9FF-6988FEDA37A7}
	EndGlobalSection
	GlobalSection(ExtensibilityGlobals) = postSolution
		SolutionGuid = {1588BA26-A078-4EF5-A841-97899B51B262}
	EndGlobalSection
EndGlobal
